
Microsoft Visual Studio Solution File, Format Version 12.00
# Visual Studio Version 16
VisualStudioVersion = 16.0.31313.79
MinimumVisualStudioVersion = 10.0.40219.1
Project("{9A19103F-16F7-4668-BE54-9A1E7A4F7556}") = "WebParser", "WebParser\WebParser.csproj", "{7A6EDBBD-698C-492A-A6DD-BF80B00713DC}"
EndProject
Project("{2150E333-8FDC-42A3-9474-1A3956D46DE8}") = "Test", "Test", "{9641825A-F660-4453-879E-3977CA104C8F}"
EndProject
Project("{9A19103F-16F7-4668-BE54-9A1E7A4F7556}") = "WebParser.Test", "..\test\WebParser.Test\WebParser.Test.csproj", "{FA2E989B-0583-492E-9718-1B93BBF06727}"
EndProject
Global
	GlobalSection(SolutionConfigurationPlatforms) = preSolution
		Debug|Any CPU = Debug|Any CPU
		Release|Any CPU = Release|Any CPU
	EndGlobalSection
	GlobalSection(ProjectConfigurationPlatforms) = postSolution
		{7A6EDBBD-698C-492A-A6DD-BF80B00713DC}.Debug|Any CPU.ActiveCfg = Debug|Any CPU
		{7A6EDBBD-698C-492A-A6DD-BF80B00713DC}.Debug|Any CPU.Build.0 = Debug|Any CPU
		{7A6EDBBD-698C-492A-A6DD-BF80B00713DC}.Release|Any CPU.ActiveCfg = Release|Any CPU
		{7A6EDBBD-698C-492A-A6DD-BF80B00713DC}.Release|Any CPU.Build.0 = Release|Any CPU
		{FA2E989B-0583-492E-9718-1B93BBF06727}.Debug|Any CPU.ActiveCfg = Debug|Any CPU
		{FA2E989B-0583-492E-9718-1B93BBF06727}.Debug|Any CPU.Build.0 = Debug|Any CPU
		{FA2E989B-0583-492E-9718-1B93BBF06727}.Release|Any CPU.ActiveCfg = Release|Any CPU
		{FA2E989B-0583-492E-9718-1B93BBF06727}.Release|Any CPU.Build.0 = Release|Any CPU
	EndGlobalSection
	GlobalSection(SolutionProperties) = preSolution
		HideSolutionNode = FALSE
	EndGlobalSection
	GlobalSection(NestedProjects) = preSolution
		{FA2E989B-0583-492E-9718-1B93BBF06727} = {9641825A-F660-4453-879E-3977CA104C8F}
	EndGlobalSection
	GlobalSection(ExtensibilityGlobals) = postSolution
		SolutionGuid = {B6626084-20BA-4485-8A4E-C1080B801D10}
	EndGlobalSection
EndGlobal
